
Microsoft Visual Studio Solution File, Format Version 12.00
Project("{FAE04EC0-301F-11D3-BF4B-00C04F79EFBC}") = "FiniteStateMachine", "FiniteStateMachine\FiniteStateMachine.csproj", "{7DFAC06B-3C0B-498D-B2A8-8E92646BA212}"
EndProject
Project("{FAE04EC0-301F-11D3-BF4B-00C04F79EFBC}") = "FiniteStateMachine.Tests", "FiniteStateMachine.Tests\FiniteStateMachine.Tests.csproj", "{ABD62305-5419-4CF8-83BC-FA1EF11F3D8B}"
EndProject
Project("{FAE04EC0-301F-11D3-BF4B-00C04F79EFBC}") = "FiniteStateMachine.Console", "FiniteStateMachine.Console\FiniteStateMachine.Console.csproj", "{B0ECAE91-3267-4C39-8201-008E73540462}"
EndProject
Global
	GlobalSection(SolutionConfigurationPlatforms) = preSolution
		Debug|Any CPU = Debug|Any CPU
		Release|Any CPU = Release|Any CPU
	EndGlobalSection
	GlobalSection(ProjectConfigurationPlatforms) = postSolution
		{7DFAC06B-3C0B-498D-B2A8-8E92646BA212}.Debug|Any CPU.ActiveCfg = Debug|Any CPU
		{7DFAC06B-3C0B-498D-B2A8-8E92646BA212}.Debug|Any CPU.Build.0 = Debug|Any CPU
		{7DFAC06B-3C0B-498D-B2A8-8E92646BA212}.Release|Any CPU.ActiveCfg = Release|Any CPU
		{7DFAC06B-3C0B-498D-B2A8-8E92646BA212}.Release|Any CPU.Build.0 = Release|Any CPU
		{ABD62305-5419-4CF8-83BC-FA1EF11F3D8B}.Debug|Any CPU.ActiveCfg = Debug|Any CPU
		{ABD62305-5419-4CF8-83BC-FA1EF11F3D8B}.Debug|Any CPU.Build.0 = Debug|Any CPU
		{ABD62305-5419-4CF8-83BC-FA1EF11F3D8B}.Release|Any CPU.ActiveCfg = Release|Any CPU
		{ABD62305-5419-4CF8-83BC-FA1EF11F3D8B}.Release|Any CPU.Build.0 = Release|Any CPU
		{B0ECAE91-3267-4C39-8201-008E73540462}.Debug|Any CPU.ActiveCfg = Debug|Any CPU
		{B0ECAE91-3267-4C39-8201-008E73540462}.Debug|Any CPU.Build.0 = Debug|Any CPU
		{B0ECAE91-3267-4C39-8201-008E73540462}.Release|Any CPU.ActiveCfg = Release|Any CPU
		{B0ECAE91-3267-4C39-8201-008E73540462}.Release|Any CPU.Build.0 = Release|Any CPU
	EndGlobalSection
EndGlobal
